
Microsoft Visual Studio Solution File, Format Version 12.00
Project("{FAE04EC0-301F-11D3-BF4B-00C04F79EFBC}") = "eMagia", "eMagia\eMagia.csproj", "{C28B4781-F218-4E01-ACFB-094F22BF810B}"
EndProject
Global
	GlobalSection(SolutionConfigurationPlatforms) = preSolution
		Debug|Any CPU = Debug|Any CPU
		Release|Any CPU = Release|Any CPU
	EndGlobalSection
	GlobalSection(ProjectConfigurationPlatforms) = postSolution
		{C28B4781-F218-4E01-ACFB-094F22BF810B}.Debug|Any CPU.ActiveCfg = Debug|Any CPU
		{C28B4781-F218-4E01-ACFB-094F22BF810B}.Debug|Any CPU.Build.0 = Debug|Any CPU
		{C28B4781-F218-4E01-ACFB-094F22BF810B}.Release|Any CPU.ActiveCfg = Release|Any CPU
		{C28B4781-F218-4E01-ACFB-094F22BF810B}.Release|Any CPU.Build.0 = Release|Any CPU
	EndGlobalSection
EndGlobal
